// !$*UTF8*$!
{
	archiveVersion = 1;
	classes = {
	};
	objectVersion = 46;
	objects = {

/* Begin PBXBuildFile section */
		863500451A272F7A008C5E66 /* main.cpp in Sources */ = {isa = PBXBuildFile; fileRef = 863500441A272F7A008C5E66 /* main.cpp */; };
		8635004C1A272F97008C5E66 /* GLUT.framework in Frameworks */ = {isa = PBXBuildFile; fileRef = 8635004B1A272F97008C5E66 /* GLUT.framework */; };
		8635004E1A272F9C008C5E66 /* OpenGL.framework in Frameworks */ = {isa = PBXBuildFile; fileRef = 8635004D1A272F9C008C5E66 /* OpenGL.framework */; };
		863500601A273030008C5E66 /* Mesh.cpp in Sources */ = {isa = PBXBuildFile; fileRef = 8635005D1A273030008C5E66 /* Mesh.cpp */; };
		863500611A273030008C5E66 /* stb_image.c in Sources */ = {isa = PBXBuildFile; fileRef = 8635005F1A273030008C5E66 /* stb_image.c */; };
		86F8E3561A3661E0008958CA /* README.md in Sources */ = {isa = PBXBuildFile; fileRef = 86F8E3551A3661E0008958CA /* README.md */; };
		86FB6DE61A3F4116006592F6 /* Bullet.cpp in Sources */ = {isa = PBXBuildFile; fileRef = 86FB6DE41A3F4116006592F6 /* Bullet.cpp */; };
		86FB6DE91A3F4145006592F6 /* Player.cpp in Sources */ = {isa = PBXBuildFile; fileRef = 86FB6DE71A3F4145006592F6 /* Player.cpp */; };
		86FB6DEC1A3F41A4006592F6 /* Racer.cpp in Sources */ = {isa = PBXBuildFile; fileRef = 86FB6DEA1A3F41A4006592F6 /* Racer.cpp */; };
		86FB6DEF1A3F4203006592F6 /* Wheel.cpp in Sources */ = {isa = PBXBuildFile; fileRef = 86FB6DED1A3F4203006592F6 /* Wheel.cpp */; };
		86FB6DF11A3F423E006592F6 /* Entity.cpp in Sources */ = {isa = PBXBuildFile; fileRef = 86FB6DF01A3F423E006592F6 /* Entity.cpp */; };
		86FB6DF41A3F43E8006592F6 /* MeshEntity.cpp in Sources */ = {isa = PBXBuildFile; fileRef = 86FB6DF31A3F43E8006592F6 /* MeshEntity.cpp */; };
		86FB6DF61A3F45FF006592F6 /* MobiusStrip.cpp in Sources */ = {isa = PBXBuildFile; fileRef = 86FB6DF51A3F45FF006592F6 /* MobiusStrip.cpp */; };
		86FB6DF81A3F478C006592F6 /* Object.cpp in Sources */ = {isa = PBXBuildFile; fileRef = 86FB6DF71A3F478C006592F6 /* Object.cpp */; };
		86FB6DFA1A3F4828006592F6 /* Scene.cpp in Sources */ = {isa = PBXBuildFile; fileRef = 86FB6DF91A3F4828006592F6 /* Scene.cpp */; };
		86FB6DFF1A3F4BC9006592F6 /* WorldSurface.cpp in Sources */ = {isa = PBXBuildFile; fileRef = 86FB6DFD1A3F4BC9006592F6 /* WorldSurface.cpp */; };
/* End PBXBuildFile section */

/* Begin PBXCopyFilesBuildPhase section */
		8635003F1A272F7A008C5E66 /* CopyFiles */ = {
			isa = PBXCopyFilesBuildPhase;
			buildActionMask = 2147483647;
			dstPath = /usr/share/man/man1/;
			dstSubfolderSpec = 0;
			files = (
			);
			runOnlyForDeploymentPostprocessing = 1;
		};
/* End PBXCopyFilesBuildPhase section */

/* Begin PBXFileReference section */
		8606BD8B1A306D56004B6C32 /* Object.h */ = {isa = PBXFileReference; fileEncoding = 4; lastKnownFileType = sourcecode.c.h; path = Object.h; sourceTree = "<group>"; };
		8606BD8E1A306DF2004B6C32 /* Material.h */ = {isa = PBXFileReference; fileEncoding = 4; lastKnownFileType = sourcecode.c.h; path = Material.h; sourceTree = "<group>"; };
		8606BD8F1A3081A2004B6C32 /* Scene.h */ = {isa = PBXFileReference; lastKnownFileType = sourcecode.c.h; path = Scene.h; sourceTree = "<group>"; };
		8606BD901A3081EE004B6C32 /* Camera.h */ = {isa = PBXFileReference; lastKnownFileType = sourcecode.c.h; path = Camera.h; sourceTree = "<group>"; };
		8606BD911A30820C004B6C32 /* LightSource.h */ = {isa = PBXFileReference; lastKnownFileType = sourcecode.c.h; path = LightSource.h; sourceTree = "<group>"; };
		863500411A272F7A008C5E66 /* incremental */ = {isa = PBXFileReference; explicitFileType = "compiled.mach-o.executable"; includeInIndex = 0; path = incremental; sourceTree = BUILT_PRODUCTS_DIR; };
		863500441A272F7A008C5E66 /* main.cpp */ = {isa = PBXFileReference; lastKnownFileType = sourcecode.cpp.cpp; path = main.cpp; sourceTree = "<group>"; };
		8635004B1A272F97008C5E66 /* GLUT.framework */ = {isa = PBXFileReference; lastKnownFileType = wrapper.framework; name = GLUT.framework; path = System/Library/Frameworks/GLUT.framework; sourceTree = SDKROOT; };
		8635004D1A272F9C008C5E66 /* OpenGL.framework */ = {isa = PBXFileReference; lastKnownFileType = wrapper.framework; name = OpenGL.framework; path = System/Library/Frameworks/OpenGL.framework; sourceTree = SDKROOT; };
		863500541A272FEC008C5E66 /* float3.h */ = {isa = PBXFileReference; fileEncoding = 4; lastKnownFileType = sourcecode.c.h; path = float3.h; sourceTree = "<group>"; };
		863500551A272FEC008C5E66 /* float4.h */ = {isa = PBXFileReference; fileEncoding = 4; lastKnownFileType = sourcecode.c.h; path = float4.h; sourceTree = "<group>"; };
		863500561A272FEC008C5E66 /* float4x4.h */ = {isa = PBXFileReference; fileEncoding = 4; lastKnownFileType = sourcecode.c.h; path = float4x4.h; sourceTree = "<group>"; };
		863500581A273030008C5E66 /* tigger.obj */ = {isa = PBXFileReference; fileEncoding = 4; lastKnownFileType = text; path = tigger.obj; sourceTree = "<group>"; };
		863500591A273030008C5E66 /* tigger.png */ = {isa = PBXFileReference; lastKnownFileType = image.png; path = tigger.png; sourceTree = "<group>"; };
		8635005A1A273030008C5E66 /* tree.obj */ = {isa = PBXFileReference; fileEncoding = 4; lastKnownFileType = text; path = tree.obj; sourceTree = "<group>"; };
		8635005B1A273030008C5E66 /* tree.png */ = {isa = PBXFileReference; lastKnownFileType = image.png; path = tree.png; sourceTree = "<group>"; };
		8635005D1A273030008C5E66 /* Mesh.cpp */ = {isa = PBXFileReference; fileEncoding = 4; lastKnownFileType = sourcecode.cpp.cpp; path = Mesh.cpp; sourceTree = "<group>"; };
		8635005E1A273030008C5E66 /* Mesh.h */ = {isa = PBXFileReference; fileEncoding = 4; lastKnownFileType = sourcecode.c.h; path = Mesh.h; sourceTree = "<group>"; };
		8635005F1A273030008C5E66 /* stb_image.c */ = {isa = PBXFileReference; fileEncoding = 4; lastKnownFileType = sourcecode.c.c; path = stb_image.c; sourceTree = "<group>"; };
		86F8E33D1A35C189008958CA /* chassis.obj */ = {isa = PBXFileReference; fileEncoding = 4; lastKnownFileType = text; path = chassis.obj; sourceTree = "<group>"; };
		86F8E33E1A35C189008958CA /* chevy.obj */ = {isa = PBXFileReference; fileEncoding = 4; lastKnownFileType = text; path = chevy.obj; sourceTree = "<group>"; };
		86F8E33F1A35C189008958CA /* chevy.png */ = {isa = PBXFileReference; lastKnownFileType = image.png; path = chevy.png; sourceTree = "<group>"; };
		86F8E3401A35C189008958CA /* wheel.obj */ = {isa = PBXFileReference; fileEncoding = 4; lastKnownFileType = text; path = wheel.obj; sourceTree = "<group>"; };
		86F8E3421A35C189008958CA /* heli.obj */ = {isa = PBXFileReference; fileEncoding = 4; lastKnownFileType = text; path = heli.obj; sourceTree = "<group>"; };
		86F8E3431A35C189008958CA /* heli.png */ = {isa = PBXFileReference; lastKnownFileType = image.png; path = heli.png; sourceTree = "<group>"; };
		86F8E3441A35C189008958CA /* heliait.png */ = {isa = PBXFileReference; lastKnownFileType = image.png; path = heliait.png; sourceTree = "<group>"; };
		86F8E3451A35C189008958CA /* mainrotor.obj */ = {isa = PBXFileReference; fileEncoding = 4; lastKnownFileType = text; path = mainrotor.obj; sourceTree = "<group>"; };
		86F8E3461A35C189008958CA /* tailrotor.obj */ = {isa = PBXFileReference; fileEncoding = 4; lastKnownFileType = text; path = tailrotor.obj; sourceTree = "<group>"; };
		86F8E3481A35C189008958CA /* balloon.obj */ = {isa = PBXFileReference; fileEncoding = 4; lastKnownFileType = text; path = balloon.obj; sourceTree = "<group>"; };
		86F8E3491A35C189008958CA /* balloon.png */ = {isa = PBXFileReference; lastKnownFileType = image.png; path = balloon.png; sourceTree = "<group>"; };
		86F8E34A1A35C189008958CA /* smoothtree.obj */ = {isa = PBXFileReference; fileEncoding = 4; lastKnownFileType = text; path = smoothtree.obj; sourceTree = "<group>"; };
		86F8E34B1A35C189008958CA /* thunderbolt_airscrew.obj */ = {isa = PBXFileReference; fileEncoding = 4; lastKnownFileType = text; path = thunderbolt_airscrew.obj; sourceTree = "<group>"; };
		86F8E34C1A35C189008958CA /* thunderbolt_body.obj */ = {isa = PBXFileReference; fileEncoding = 4; lastKnownFileType = text; path = thunderbolt_body.obj; sourceTree = "<group>"; };
		86F8E34D1A35C189008958CA /* tree.obj */ = {isa = PBXFileReference; fileEncoding = 4; lastKnownFileType = text; path = tree.obj; sourceTree = "<group>"; };
		86F8E34E1A35C189008958CA /* tree.png */ = {isa = PBXFileReference; lastKnownFileType = image.png; path = tree.png; sourceTree = "<group>"; };
		86F8E3501A35E31D008958CA /* float2.h */ = {isa = PBXFileReference; fileEncoding = 4; lastKnownFileType = sourcecode.c.h; path = float2.h; sourceTree = "<group>"; };
		86F8E3511A360AE0008958CA /* MobiusStrip.h */ = {isa = PBXFileReference; lastKnownFileType = sourcecode.c.h; path = MobiusStrip.h; sourceTree = "<group>"; };
		86F8E3521A360B14008958CA /* Entity.h */ = {isa = PBXFileReference; lastKnownFileType = sourcecode.c.h; path = Entity.h; sourceTree = "<group>"; };
		86F8E3531A363FCE008958CA /* MeshEntity.h */ = {isa = PBXFileReference; explicitFileType = sourcecode.cpp.h; path = MeshEntity.h; sourceTree = "<group>"; };
		86F8E3551A3661E0008958CA /* README.md */ = {isa = PBXFileReference; fileEncoding = 4; lastKnownFileType = net.daringfireball.markdown; path = README.md; sourceTree = "<group>"; };
		86F981E31A38E51300F5D739 /* rainbow.png */ = {isa = PBXFileReference; lastKnownFileType = image.png; path = rainbow.png; sourceTree = "<group>"; };
		86FB6DE41A3F4116006592F6 /* Bullet.cpp */ = {isa = PBXFileReference; fileEncoding = 4; lastKnownFileType = sourcecode.cpp.cpp; path = Bullet.cpp; sourceTree = "<group>"; };
		86FB6DE51A3F4116006592F6 /* Bullet.h */ = {isa = PBXFileReference; fileEncoding = 4; lastKnownFileType = sourcecode.c.h; path = Bullet.h; sourceTree = "<group>"; };
		86FB6DE71A3F4145006592F6 /* Player.cpp */ = {isa = PBXFileReference; fileEncoding = 4; lastKnownFileType = sourcecode.cpp.cpp; path = Player.cpp; sourceTree = "<group>"; };
		86FB6DE81A3F4145006592F6 /* Player.h */ = {isa = PBXFileReference; fileEncoding = 4; lastKnownFileType = sourcecode.c.h; path = Player.h; sourceTree = "<group>"; };
		86FB6DEA1A3F41A4006592F6 /* Racer.cpp */ = {isa = PBXFileReference; fileEncoding = 4; lastKnownFileType = sourcecode.cpp.cpp; path = Racer.cpp; sourceTree = "<group>"; };
		86FB6DEB1A3F41A4006592F6 /* Racer.h */ = {isa = PBXFileReference; fileEncoding = 4; lastKnownFileType = sourcecode.c.h; path = Racer.h; sourceTree = "<group>"; };
		86FB6DED1A3F4203006592F6 /* Wheel.cpp */ = {isa = PBXFileReference; fileEncoding = 4; lastKnownFileType = sourcecode.cpp.cpp; path = Wheel.cpp; sourceTree = "<group>"; };
		86FB6DEE1A3F4203006592F6 /* Wheel.h */ = {isa = PBXFileReference; fileEncoding = 4; lastKnownFileType = sourcecode.c.h; path = Wheel.h; sourceTree = "<group>"; };
		86FB6DF01A3F423E006592F6 /* Entity.cpp */ = {isa = PBXFileReference; fileEncoding = 4; lastKnownFileType = sourcecode.cpp.cpp; path = Entity.cpp; sourceTree = "<group>"; };
		86FB6DF21A3F42EC006592F6 /* OpenGL.h */ = {isa = PBXFileReference; lastKnownFileType = sourcecode.c.h; path = OpenGL.h; sourceTree = "<group>"; };
		86FB6DF31A3F43E8006592F6 /* MeshEntity.cpp */ = {isa = PBXFileReference; fileEncoding = 4; lastKnownFileType = sourcecode.cpp.cpp; path = MeshEntity.cpp; sourceTree = "<group>"; };
		86FB6DF51A3F45FF006592F6 /* MobiusStrip.cpp */ = {isa = PBXFileReference; fileEncoding = 4; lastKnownFileType = sourcecode.cpp.cpp; path = MobiusStrip.cpp; sourceTree = "<group>"; };
		86FB6DF71A3F478C006592F6 /* Object.cpp */ = {isa = PBXFileReference; fileEncoding = 4; lastKnownFileType = sourcecode.cpp.cpp; path = Object.cpp; sourceTree = "<group>"; };
		86FB6DF91A3F4828006592F6 /* Scene.cpp */ = {isa = PBXFileReference; fileEncoding = 4; lastKnownFileType = sourcecode.cpp.cpp; path = Scene.cpp; sourceTree = "<group>"; };
		86FB6DFD1A3F4BC9006592F6 /* WorldSurface.cpp */ = {isa = PBXFileReference; fileEncoding = 4; lastKnownFileType = sourcecode.cpp.cpp; path = WorldSurface.cpp; sourceTree = "<group>"; };
		86FB6DFE1A3F4BC9006592F6 /* WorldSurface.h */ = {isa = PBXFileReference; fileEncoding = 4; lastKnownFileType = sourcecode.c.h; path = WorldSurface.h; sourceTree = "<group>"; };
/* End PBXFileReference section */

/* Begin PBXFrameworksBuildPhase section */
		8635003E1A272F7A008C5E66 /* Frameworks */ = {
			isa = PBXFrameworksBuildPhase;
			buildActionMask = 2147483647;
			files = (
				8635004E1A272F9C008C5E66 /* OpenGL.framework in Frameworks */,
				8635004C1A272F97008C5E66 /* GLUT.framework in Frameworks */,
			);
			runOnlyForDeploymentPostprocessing = 0;
		};
/* End PBXFrameworksBuildPhase section */

/* Begin PBXGroup section */
		8606BD921A30825A004B6C32 /* coordinates */ = {
			isa = PBXGroup;
			children = (
				86F8E3501A35E31D008958CA /* float2.h */,
				863500541A272FEC008C5E66 /* float3.h */,
				863500551A272FEC008C5E66 /* float4.h */,
				863500561A272FEC008C5E66 /* float4x4.h */,
			);
			name = coordinates;
			sourceTree = "<group>";
		};
		863500381A272F7A008C5E66 = {
			isa = PBXGroup;
			children = (
				86F8E3551A3661E0008958CA /* README.md */,
				8635004D1A272F9C008C5E66 /* OpenGL.framework */,
				8635004B1A272F97008C5E66 /* GLUT.framework */,
				863500431A272F7A008C5E66 /* incremental */,
				863500421A272F7A008C5E66 /* Products */,
			);
			sourceTree = "<group>";
		};
		863500421A272F7A008C5E66 /* Products */ = {
			isa = PBXGroup;
			children = (
				863500411A272F7A008C5E66 /* incremental */,
			);
			name = Products;
			sourceTree = "<group>";
		};
		863500431A272F7A008C5E66 /* incremental */ = {
			isa = PBXGroup;
			children = (
				863500441A272F7A008C5E66 /* main.cpp */,
				86FB6DF91A3F4828006592F6 /* Scene.cpp */,
				8606BD8F1A3081A2004B6C32 /* Scene.h */,
				86F8E34F1A35DBE6008958CA /* objects */,
				8606BD8E1A306DF2004B6C32 /* Material.h */,
				8606BD911A30820C004B6C32 /* LightSource.h */,
				8606BD901A3081EE004B6C32 /* Camera.h */,
				86FB6DF21A3F42EC006592F6 /* OpenGL.h */,
				8606BD921A30825A004B6C32 /* coordinates */,
				863500571A273030008C5E66 /* HundredAcreWood */,
				8635005C1A273030008C5E66 /* MeshTextureTools */,
				86F981E21A38E4FF00F5D739 /* ground */,
				86F8E33C1A35C189008958CA /* chevy */,
				86F8E3411A35C189008958CA /* heli */,
				86F8E3471A35C189008958CA /* models */,
			);
			path = incremental;
			sourceTree = "<group>";
		};
		863500571A273030008C5E66 /* HundredAcreWood */ = {
			isa = PBXGroup;
			children = (
				863500581A273030008C5E66 /* tigger.obj */,
				863500591A273030008C5E66 /* tigger.png */,
				8635005A1A273030008C5E66 /* tree.obj */,
				8635005B1A273030008C5E66 /* tree.png */,
			);
			path = HundredAcreWood;
			sourceTree = "<group>";
		};
		8635005C1A273030008C5E66 /* MeshTextureTools */ = {
			isa = PBXGroup;
			children = (
				8635005D1A273030008C5E66 /* Mesh.cpp */,
				8635005E1A273030008C5E66 /* Mesh.h */,
				8635005F1A273030008C5E66 /* stb_image.c */,
			);
			path = MeshTextureTools;
			sourceTree = "<group>";
		};
		86F8E33C1A35C189008958CA /* chevy */ = {
			isa = PBXGroup;
			children = (
				86F8E33D1A35C189008958CA /* chassis.obj */,
				86F8E33E1A35C189008958CA /* chevy.obj */,
				86F8E33F1A35C189008958CA /* chevy.png */,
				86F8E3401A35C189008958CA /* wheel.obj */,
			);
			path = chevy;
			sourceTree = "<group>";
		};
		86F8E3411A35C189008958CA /* heli */ = {
			isa = PBXGroup;
			children = (
				86F8E3421A35C189008958CA /* heli.obj */,
				86F8E3431A35C189008958CA /* heli.png */,
				86F8E3441A35C189008958CA /* heliait.png */,
				86F8E3451A35C189008958CA /* mainrotor.obj */,
				86F8E3461A35C189008958CA /* tailrotor.obj */,
			);
			path = heli;
			sourceTree = "<group>";
		};
		86F8E3471A35C189008958CA /* models */ = {
			isa = PBXGroup;
			children = (
				86F8E3481A35C189008958CA /* balloon.obj */,
				86F8E3491A35C189008958CA /* balloon.png */,
				86F8E34A1A35C189008958CA /* smoothtree.obj */,
				86F8E34B1A35C189008958CA /* thunderbolt_airscrew.obj */,
				86F8E34C1A35C189008958CA /* thunderbolt_body.obj */,
				86F8E34D1A35C189008958CA /* tree.obj */,
				86F8E34E1A35C189008958CA /* tree.png */,
			);
			path = models;
			sourceTree = "<group>";
		};
		86F8E34F1A35DBE6008958CA /* objects */ = {
			isa = PBXGroup;
			children = (
				86FB6DF71A3F478C006592F6 /* Object.cpp */,
				8606BD8B1A306D56004B6C32 /* Object.h */,
				86FB6DFD1A3F4BC9006592F6 /* WorldSurface.cpp */,
				86FB6DFE1A3F4BC9006592F6 /* WorldSurface.h */,
				86FB6DF51A3F45FF006592F6 /* MobiusStrip.cpp */,
				86F8E3511A360AE0008958CA /* MobiusStrip.h */,
				86FB6DFC1A3F4BAB006592F6 /* Entities */,
			);
			name = objects;
			sourceTree = "<group>";
		};
		86F981E21A38E4FF00F5D739 /* ground */ = {
			isa = PBXGroup;
			children = (
				86F981E31A38E51300F5D739 /* rainbow.png */,
			);
			name = ground;
			path = models;
			sourceTree = "<group>";
		};
		86FB6DFC1A3F4BAB006592F6 /* Entities */ = {
			isa = PBXGroup;
			children = (
				86FB6DF01A3F423E006592F6 /* Entity.cpp */,
				86F8E3521A360B14008958CA /* Entity.h */,
				86FB6DF31A3F43E8006592F6 /* MeshEntity.cpp */,
				86F8E3531A363FCE008958CA /* MeshEntity.h */,
				86FB6DE41A3F4116006592F6 /* Bullet.cpp */,
				86FB6DE51A3F4116006592F6 /* Bullet.h */,
				86FB6DE71A3F4145006592F6 /* Player.cpp */,
				86FB6DE81A3F4145006592F6 /* Player.h */,
				86FB6DEA1A3F41A4006592F6 /* Racer.cpp */,
				86FB6DEB1A3F41A4006592F6 /* Racer.h */,
				86FB6DED1A3F4203006592F6 /* Wheel.cpp */,
				86FB6DEE1A3F4203006592F6 /* Wheel.h */,
			);
			name = Entities;
			sourceTree = "<group>";
		};
/* End PBXGroup section */

/* Begin PBXNativeTarget section */
		863500401A272F7A008C5E66 /* incremental */ = {
			isa = PBXNativeTarget;
			buildConfigurationList = 863500481A272F7A008C5E66 /* Build configuration list for PBXNativeTarget "incremental" */;
			buildPhases = (
				8635003D1A272F7A008C5E66 /* Sources */,
				8635003E1A272F7A008C5E66 /* Frameworks */,
				8635003F1A272F7A008C5E66 /* CopyFiles */,
			);
			buildRules = (
			);
			dependencies = (
			);
			name = incremental;
			productName = incremental;
			productReference = 863500411A272F7A008C5E66 /* incremental */;
			productType = "com.apple.product-type.tool";
		};
/* End PBXNativeTarget section */

/* Begin PBXProject section */
		863500391A272F7A008C5E66 /* Project object */ = {
			isa = PBXProject;
			attributes = {
				LastUpgradeCheck = 0610;
				ORGANIZATIONNAME = "Aaron Taylor";
				TargetAttributes = {
					863500401A272F7A008C5E66 = {
						CreatedOnToolsVersion = 6.1;
					};
				};
			};
			buildConfigurationList = 8635003C1A272F7A008C5E66 /* Build configuration list for PBXProject "incremental" */;
			compatibilityVersion = "Xcode 3.2";
			developmentRegion = English;
			hasScannedForEncodings = 0;
			knownRegions = (
				en,
			);
			mainGroup = 863500381A272F7A008C5E66;
			productRefGroup = 863500421A272F7A008C5E66 /* Products */;
			projectDirPath = "";
			projectRoot = "";
			targets = (
				863500401A272F7A008C5E66 /* incremental */,
			);
		};
/* End PBXProject section */

/* Begin PBXSourcesBuildPhase section */
		8635003D1A272F7A008C5E66 /* Sources */ = {
			isa = PBXSourcesBuildPhase;
			buildActionMask = 2147483647;
			files = (
				86FB6DE61A3F4116006592F6 /* Bullet.cpp in Sources */,
				86FB6DFA1A3F4828006592F6 /* Scene.cpp in Sources */,
				86FB6DFF1A3F4BC9006592F6 /* WorldSurface.cpp in Sources */,
				86FB6DEC1A3F41A4006592F6 /* Racer.cpp in Sources */,
				86FB6DF81A3F478C006592F6 /* Object.cpp in Sources */,
				863500601A273030008C5E66 /* Mesh.cpp in Sources */,
				86FB6DF41A3F43E8006592F6 /* MeshEntity.cpp in Sources */,
				86FB6DE91A3F4145006592F6 /* Player.cpp in Sources */,
				863500451A272F7A008C5E66 /* main.cpp in Sources */,
				86F8E3561A3661E0008958CA /* README.md in Sources */,
				863500611A273030008C5E66 /* stb_image.c in Sources */,
				86FB6DF61A3F45FF006592F6 /* MobiusStrip.cpp in Sources */,
				86FB6DF11A3F423E006592F6 /* Entity.cpp in Sources */,
				86FB6DEF1A3F4203006592F6 /* Wheel.cpp in Sources */,
			);
			runOnlyForDeploymentPostprocessing = 0;
		};
/* End PBXSourcesBuildPhase section */

/* Begin XCBuildConfiguration section */
		863500461A272F7A008C5E66 /* Debug */ = {
			isa = XCBuildConfiguration;
			buildSettings = {
				ALWAYS_SEARCH_USER_PATHS = NO;
				CLANG_CXX_LANGUAGE_STANDARD = "gnu++0x";
				CLANG_CXX_LIBRARY = "libc++";
				CLANG_ENABLE_MODULES = YES;
				CLANG_ENABLE_OBJC_ARC = YES;
				CLANG_WARN_BOOL_CONVERSION = YES;
				CLANG_WARN_CONSTANT_CONVERSION = YES;
				CLANG_WARN_DIRECT_OBJC_ISA_USAGE = YES_ERROR;
				CLANG_WARN_EMPTY_BODY = YES;
				CLANG_WARN_ENUM_CONVERSION = YES;
				CLANG_WARN_INT_CONVERSION = YES;
				CLANG_WARN_OBJC_ROOT_CLASS = YES_ERROR;
				CLANG_WARN_UNREACHABLE_CODE = YES;
				CLANG_WARN__DUPLICATE_METHOD_MATCH = YES;
				COPY_PHASE_STRIP = NO;
				ENABLE_STRICT_OBJC_MSGSEND = YES;
				GCC_C_LANGUAGE_STANDARD = gnu99;
				GCC_DYNAMIC_NO_PIC = NO;
				GCC_OPTIMIZATION_LEVEL = 0;
				GCC_PREPROCESSOR_DEFINITIONS = (
					"DEBUG=1",
					"$(inherited)",
				);
				GCC_SYMBOLS_PRIVATE_EXTERN = NO;
				GCC_WARN_64_TO_32_BIT_CONVERSION = YES;
				GCC_WARN_ABOUT_RETURN_TYPE = YES_ERROR;
				GCC_WARN_UNDECLARED_SELECTOR = YES;
				GCC_WARN_UNINITIALIZED_AUTOS = YES_AGGRESSIVE;
				GCC_WARN_UNUSED_FUNCTION = YES;
				GCC_WARN_UNUSED_VARIABLE = YES;
				MACOSX_DEPLOYMENT_TARGET = 10.10;
				MTL_ENABLE_DEBUG_INFO = YES;
				ONLY_ACTIVE_ARCH = YES;
				SDKROOT = macosx;
			};
			name = Debug;
		};
		863500471A272F7A008C5E66 /* Release */ = {
			isa = XCBuildConfiguration;
			buildSettings = {
				ALWAYS_SEARCH_USER_PATHS = NO;
				CLANG_CXX_LANGUAGE_STANDARD = "gnu++0x";
				CLANG_CXX_LIBRARY = "libc++";
				CLANG_ENABLE_MODULES = YES;
				CLANG_ENABLE_OBJC_ARC = YES;
				CLANG_WARN_BOOL_CONVERSION = YES;
				CLANG_WARN_CONSTANT_CONVERSION = YES;
				CLANG_WARN_DIRECT_OBJC_ISA_USAGE = YES_ERROR;
				CLANG_WARN_EMPTY_BODY = YES;
				CLANG_WARN_ENUM_CONVERSION = YES;
				CLANG_WARN_INT_CONVERSION = YES;
				CLANG_WARN_OBJC_ROOT_CLASS = YES_ERROR;
				CLANG_WARN_UNREACHABLE_CODE = YES;
				CLANG_WARN__DUPLICATE_METHOD_MATCH = YES;
				COPY_PHASE_STRIP = YES;
				DEBUG_INFORMATION_FORMAT = "dwarf-with-dsym";
				ENABLE_NS_ASSERTIONS = NO;
				ENABLE_STRICT_OBJC_MSGSEND = YES;
				GCC_C_LANGUAGE_STANDARD = gnu99;
				GCC_WARN_64_TO_32_BIT_CONVERSION = YES;
				GCC_WARN_ABOUT_RETURN_TYPE = YES_ERROR;
				GCC_WARN_UNDECLARED_SELECTOR = YES;
				GCC_WARN_UNINITIALIZED_AUTOS = YES_AGGRESSIVE;
				GCC_WARN_UNUSED_FUNCTION = YES;
				GCC_WARN_UNUSED_VARIABLE = YES;
				MACOSX_DEPLOYMENT_TARGET = 10.10;
				MTL_ENABLE_DEBUG_INFO = NO;
				SDKROOT = macosx;
			};
			name = Release;
		};
		863500491A272F7A008C5E66 /* Debug */ = {
			isa = XCBuildConfiguration;
			buildSettings = {
				GCC_WARN_ABOUT_DEPRECATED_FUNCTIONS = NO;
				PRODUCT_NAME = "$(TARGET_NAME)";
			};
			name = Debug;
		};
		8635004A1A272F7A008C5E66 /* Release */ = {
			isa = XCBuildConfiguration;
			buildSettings = {
				GCC_WARN_ABOUT_DEPRECATED_FUNCTIONS = NO;
				PRODUCT_NAME = "$(TARGET_NAME)";
			};
			name = Release;
		};
/* End XCBuildConfiguration section */

/* Begin XCConfigurationList section */
		8635003C1A272F7A008C5E66 /* Build configuration list for PBXProject "incremental" */ = {
			isa = XCConfigurationList;
			buildConfigurations = (
				863500461A272F7A008C5E66 /* Debug */,
				863500471A272F7A008C5E66 /* Release */,
			);
			defaultConfigurationIsVisible = 0;
			defaultConfigurationName = Release;
		};
		863500481A272F7A008C5E66 /* Build configuration list for PBXNativeTarget "incremental" */ = {
			isa = XCConfigurationList;
			buildConfigurations = (
				863500491A272F7A008C5E66 /* Debug */,
				8635004A1A272F7A008C5E66 /* Release */,
			);
			defaultConfigurationIsVisible = 0;
			defaultConfigurationName = Release;
		};
/* End XCConfigurationList section */
	};
	rootObject = 863500391A272F7A008C5E66 /* Project object */;
}
