// !$*UTF8*$!
{
	archiveVersion = 1;
	classes = {
	};
	objectVersion = 46;
	objects = {

/* Begin PBXBuildFile section */
		863500451A272F7A008C5E66 /* main.cpp in Sources */ = {isa = PBXBuildFile; fileRef = 863500441A272F7A008C5E66 /* main.cpp */; };
		8635004C1A272F97008C5E66 /* GLUT.framework in Frameworks */ = {isa = PBXBuildFile; fileRef = 8635004B1A272F97008C5E66 /* GLUT.framework */; };
		8635004E1A272F9C008C5E66 /* OpenGL.framework in Frameworks */ = {isa = PBXBuildFile; fileRef = 8635004D1A272F9C008C5E66 /* OpenGL.framework */; };
		863500601A273030008C5E66 /* Mesh.cpp in Sources */ = {isa = PBXBuildFile; fileRef = 8635005D1A273030008C5E66 /* Mesh.cpp */; };
		863500611A273030008C5E66 /* stb_image.c in Sources */ = {isa = PBXBuildFile; fileRef = 8635005F1A273030008C5E66 /* stb_image.c */; };
/* End PBXBuildFile section */

/* Begin PBXCopyFilesBuildPhase section */
		8635003F1A272F7A008C5E66 /* CopyFiles */ = {
			isa = PBXCopyFilesBuildPhase;
			buildActionMask = 2147483647;
			dstPath = /usr/share/man/man1/;
			dstSubfolderSpec = 0;
			files = (
			);
			runOnlyForDeploymentPostprocessing = 1;
		};
/* End PBXCopyFilesBuildPhase section */

/* Begin PBXFileReference section */
		863500411A272F7A008C5E66 /* incremental */ = {isa = PBXFileReference; explicitFileType = "compiled.mach-o.executable"; includeInIndex = 0; path = incremental; sourceTree = BUILT_PRODUCTS_DIR; };
		863500441A272F7A008C5E66 /* main.cpp */ = {isa = PBXFileReference; lastKnownFileType = sourcecode.cpp.cpp; path = main.cpp; sourceTree = "<group>"; };
		8635004B1A272F97008C5E66 /* GLUT.framework */ = {isa = PBXFileReference; lastKnownFileType = wrapper.framework; name = GLUT.framework; path = System/Library/Frameworks/GLUT.framework; sourceTree = SDKROOT; };
		8635004D1A272F9C008C5E66 /* OpenGL.framework */ = {isa = PBXFileReference; lastKnownFileType = wrapper.framework; name = OpenGL.framework; path = System/Library/Frameworks/OpenGL.framework; sourceTree = SDKROOT; };
		863500531A272FEC008C5E66 /* float2.h */ = {isa = PBXFileReference; fileEncoding = 4; lastKnownFileType = sourcecode.c.h; path = float2.h; sourceTree = "<group>"; };
		863500541A272FEC008C5E66 /* float3.h */ = {isa = PBXFileReference; fileEncoding = 4; lastKnownFileType = sourcecode.c.h; path = float3.h; sourceTree = "<group>"; };
		863500551A272FEC008C5E66 /* float4.h */ = {isa = PBXFileReference; fileEncoding = 4; lastKnownFileType = sourcecode.c.h; path = float4.h; sourceTree = "<group>"; };
		863500561A272FEC008C5E66 /* float4x4.h */ = {isa = PBXFileReference; fileEncoding = 4; lastKnownFileType = sourcecode.c.h; path = float4x4.h; sourceTree = "<group>"; };
		863500581A273030008C5E66 /* tigger.obj */ = {isa = PBXFileReference; fileEncoding = 4; lastKnownFileType = text; path = tigger.obj; sourceTree = "<group>"; };
		863500591A273030008C5E66 /* tigger.png */ = {isa = PBXFileReference; lastKnownFileType = image.png; path = tigger.png; sourceTree = "<group>"; };
		8635005A1A273030008C5E66 /* tree.obj */ = {isa = PBXFileReference; fileEncoding = 4; lastKnownFileType = text; path = tree.obj; sourceTree = "<group>"; };
		8635005B1A273030008C5E66 /* tree.png */ = {isa = PBXFileReference; lastKnownFileType = image.png; path = tree.png; sourceTree = "<group>"; };
		8635005D1A273030008C5E66 /* Mesh.cpp */ = {isa = PBXFileReference; fileEncoding = 4; lastKnownFileType = sourcecode.cpp.cpp; path = Mesh.cpp; sourceTree = "<group>"; };
		8635005E1A273030008C5E66 /* Mesh.h */ = {isa = PBXFileReference; fileEncoding = 4; lastKnownFileType = sourcecode.c.h; path = Mesh.h; sourceTree = "<group>"; };
		8635005F1A273030008C5E66 /* stb_image.c */ = {isa = PBXFileReference; fileEncoding = 4; lastKnownFileType = sourcecode.c.c; path = stb_image.c; sourceTree = "<group>"; };
/* End PBXFileReference section */

/* Begin PBXFrameworksBuildPhase section */
		8635003E1A272F7A008C5E66 /* Frameworks */ = {
			isa = PBXFrameworksBuildPhase;
			buildActionMask = 2147483647;
			files = (
				8635004E1A272F9C008C5E66 /* OpenGL.framework in Frameworks */,
				8635004C1A272F97008C5E66 /* GLUT.framework in Frameworks */,
			);
			runOnlyForDeploymentPostprocessing = 0;
		};
/* End PBXFrameworksBuildPhase section */

/* Begin PBXGroup section */
		863500381A272F7A008C5E66 = {
			isa = PBXGroup;
			children = (
				8635004D1A272F9C008C5E66 /* OpenGL.framework */,
				8635004B1A272F97008C5E66 /* GLUT.framework */,
				863500431A272F7A008C5E66 /* incremental */,
				863500421A272F7A008C5E66 /* Products */,
			);
			sourceTree = "<group>";
		};
		863500421A272F7A008C5E66 /* Products */ = {
			isa = PBXGroup;
			children = (
				863500411A272F7A008C5E66 /* incremental */,
			);
			name = Products;
			sourceTree = "<group>";
		};
		863500431A272F7A008C5E66 /* incremental */ = {
			isa = PBXGroup;
			children = (
				863500441A272F7A008C5E66 /* main.cpp */,
				863500531A272FEC008C5E66 /* float2.h */,
				863500541A272FEC008C5E66 /* float3.h */,
				863500551A272FEC008C5E66 /* float4.h */,
				863500561A272FEC008C5E66 /* float4x4.h */,
				863500571A273030008C5E66 /* HundredAcreWood */,
				8635005C1A273030008C5E66 /* MeshTextureTools */,
			);
			path = incremental;
			sourceTree = "<group>";
		};
		863500571A273030008C5E66 /* HundredAcreWood */ = {
			isa = PBXGroup;
			children = (
				863500581A273030008C5E66 /* tigger.obj */,
				863500591A273030008C5E66 /* tigger.png */,
				8635005A1A273030008C5E66 /* tree.obj */,
				8635005B1A273030008C5E66 /* tree.png */,
			);
			path = HundredAcreWood;
			sourceTree = "<group>";
		};
		8635005C1A273030008C5E66 /* MeshTextureTools */ = {
			isa = PBXGroup;
			children = (
				8635005D1A273030008C5E66 /* Mesh.cpp */,
				8635005E1A273030008C5E66 /* Mesh.h */,
				8635005F1A273030008C5E66 /* stb_image.c */,
			);
			path = MeshTextureTools;
			sourceTree = "<group>";
		};
/* End PBXGroup section */

/* Begin PBXNativeTarget section */
		863500401A272F7A008C5E66 /* incremental */ = {
			isa = PBXNativeTarget;
			buildConfigurationList = 863500481A272F7A008C5E66 /* Build configuration list for PBXNativeTarget "incremental" */;
			buildPhases = (
				8635003D1A272F7A008C5E66 /* Sources */,
				8635003E1A272F7A008C5E66 /* Frameworks */,
				8635003F1A272F7A008C5E66 /* CopyFiles */,
			);
			buildRules = (
			);
			dependencies = (
			);
			name = incremental;
			productName = incremental;
			productReference = 863500411A272F7A008C5E66 /* incremental */;
			productType = "com.apple.product-type.tool";
		};
/* End PBXNativeTarget section */

/* Begin PBXProject section */
		863500391A272F7A008C5E66 /* Project object */ = {
			isa = PBXProject;
			attributes = {
				LastUpgradeCheck = 0610;
				ORGANIZATIONNAME = "Aaron Taylor";
				TargetAttributes = {
					863500401A272F7A008C5E66 = {
						CreatedOnToolsVersion = 6.1;
					};
				};
			};
			buildConfigurationList = 8635003C1A272F7A008C5E66 /* Build configuration list for PBXProject "incremental" */;
			compatibilityVersion = "Xcode 3.2";
			developmentRegion = English;
			hasScannedForEncodings = 0;
			knownRegions = (
				en,
			);
			mainGroup = 863500381A272F7A008C5E66;
			productRefGroup = 863500421A272F7A008C5E66 /* Products */;
			projectDirPath = "";
			projectRoot = "";
			targets = (
				863500401A272F7A008C5E66 /* incremental */,
			);
		};
/* End PBXProject section */

/* Begin PBXSourcesBuildPhase section */
		8635003D1A272F7A008C5E66 /* Sources */ = {
			isa = PBXSourcesBuildPhase;
			buildActionMask = 2147483647;
			files = (
				863500601A273030008C5E66 /* Mesh.cpp in Sources */,
				863500451A272F7A008C5E66 /* main.cpp in Sources */,
				863500611A273030008C5E66 /* stb_image.c in Sources */,
			);
			runOnlyForDeploymentPostprocessing = 0;
		};
/* End PBXSourcesBuildPhase section */

/* Begin XCBuildConfiguration section */
		863500461A272F7A008C5E66 /* Debug */ = {
			isa = XCBuildConfiguration;
			buildSettings = {
				ALWAYS_SEARCH_USER_PATHS = NO;
				CLANG_CXX_LANGUAGE_STANDARD = "gnu++0x";
				CLANG_CXX_LIBRARY = "libc++";
				CLANG_ENABLE_MODULES = YES;
				CLANG_ENABLE_OBJC_ARC = YES;
				CLANG_WARN_BOOL_CONVERSION = YES;
				CLANG_WARN_CONSTANT_CONVERSION = YES;
				CLANG_WARN_DIRECT_OBJC_ISA_USAGE = YES_ERROR;
				CLANG_WARN_EMPTY_BODY = YES;
				CLANG_WARN_ENUM_CONVERSION = YES;
				CLANG_WARN_INT_CONVERSION = YES;
				CLANG_WARN_OBJC_ROOT_CLASS = YES_ERROR;
				CLANG_WARN_UNREACHABLE_CODE = YES;
				CLANG_WARN__DUPLICATE_METHOD_MATCH = YES;
				COPY_PHASE_STRIP = NO;
				ENABLE_STRICT_OBJC_MSGSEND = YES;
				GCC_C_LANGUAGE_STANDARD = gnu99;
				GCC_DYNAMIC_NO_PIC = NO;
				GCC_OPTIMIZATION_LEVEL = 0;
				GCC_PREPROCESSOR_DEFINITIONS = (
					"DEBUG=1",
					"$(inherited)",
				);
				GCC_SYMBOLS_PRIVATE_EXTERN = NO;
				GCC_WARN_64_TO_32_BIT_CONVERSION = YES;
				GCC_WARN_ABOUT_RETURN_TYPE = YES_ERROR;
				GCC_WARN_UNDECLARED_SELECTOR = YES;
				GCC_WARN_UNINITIALIZED_AUTOS = YES_AGGRESSIVE;
				GCC_WARN_UNUSED_FUNCTION = YES;
				GCC_WARN_UNUSED_VARIABLE = YES;
				MACOSX_DEPLOYMENT_TARGET = 10.10;
				MTL_ENABLE_DEBUG_INFO = YES;
				ONLY_ACTIVE_ARCH = YES;
				SDKROOT = macosx;
			};
			name = Debug;
		};
		863500471A272F7A008C5E66 /* Release */ = {
			isa = XCBuildConfiguration;
			buildSettings = {
				ALWAYS_SEARCH_USER_PATHS = NO;
				CLANG_CXX_LANGUAGE_STANDARD = "gnu++0x";
				CLANG_CXX_LIBRARY = "libc++";
				CLANG_ENABLE_MODULES = YES;
				CLANG_ENABLE_OBJC_ARC = YES;
				CLANG_WARN_BOOL_CONVERSION = YES;
				CLANG_WARN_CONSTANT_CONVERSION = YES;
				CLANG_WARN_DIRECT_OBJC_ISA_USAGE = YES_ERROR;
				CLANG_WARN_EMPTY_BODY = YES;
				CLANG_WARN_ENUM_CONVERSION = YES;
				CLANG_WARN_INT_CONVERSION = YES;
				CLANG_WARN_OBJC_ROOT_CLASS = YES_ERROR;
				CLANG_WARN_UNREACHABLE_CODE = YES;
				CLANG_WARN__DUPLICATE_METHOD_MATCH = YES;
				COPY_PHASE_STRIP = YES;
				DEBUG_INFORMATION_FORMAT = "dwarf-with-dsym";
				ENABLE_NS_ASSERTIONS = NO;
				ENABLE_STRICT_OBJC_MSGSEND = YES;
				GCC_C_LANGUAGE_STANDARD = gnu99;
				GCC_WARN_64_TO_32_BIT_CONVERSION = YES;
				GCC_WARN_ABOUT_RETURN_TYPE = YES_ERROR;
				GCC_WARN_UNDECLARED_SELECTOR = YES;
				GCC_WARN_UNINITIALIZED_AUTOS = YES_AGGRESSIVE;
				GCC_WARN_UNUSED_FUNCTION = YES;
				GCC_WARN_UNUSED_VARIABLE = YES;
				MACOSX_DEPLOYMENT_TARGET = 10.10;
				MTL_ENABLE_DEBUG_INFO = NO;
				SDKROOT = macosx;
			};
			name = Release;
		};
		863500491A272F7A008C5E66 /* Debug */ = {
			isa = XCBuildConfiguration;
			buildSettings = {
				GCC_WARN_ABOUT_DEPRECATED_FUNCTIONS = NO;
				PRODUCT_NAME = "$(TARGET_NAME)";
			};
			name = Debug;
		};
		8635004A1A272F7A008C5E66 /* Release */ = {
			isa = XCBuildConfiguration;
			buildSettings = {
				GCC_WARN_ABOUT_DEPRECATED_FUNCTIONS = NO;
				PRODUCT_NAME = "$(TARGET_NAME)";
			};
			name = Release;
		};
/* End XCBuildConfiguration section */

/* Begin XCConfigurationList section */
		8635003C1A272F7A008C5E66 /* Build configuration list for PBXProject "incremental" */ = {
			isa = XCConfigurationList;
			buildConfigurations = (
				863500461A272F7A008C5E66 /* Debug */,
				863500471A272F7A008C5E66 /* Release */,
			);
			defaultConfigurationIsVisible = 0;
			defaultConfigurationName = Release;
		};
		863500481A272F7A008C5E66 /* Build configuration list for PBXNativeTarget "incremental" */ = {
			isa = XCConfigurationList;
			buildConfigurations = (
				863500491A272F7A008C5E66 /* Debug */,
				8635004A1A272F7A008C5E66 /* Release */,
			);
			defaultConfigurationIsVisible = 0;
		};
/* End XCConfigurationList section */
	};
	rootObject = 863500391A272F7A008C5E66 /* Project object */;
}
